// !$*UTF8*$!
{
	archiveVersion = 1;
	classes = {
	};
	objectVersion = 48;
	objects = {

/* Begin PBXBuildFile section */
		C5FB43191FC116380046CDCA /* react_native_umeng_share.m in Sources */ = {isa = PBXBuildFile; fileRef = C5FB43181FC116380046CDCA /* react_native_umeng_share.m */; };
		C5FB43221FC118430046CDCA /* react_native_umeng_share.swift in Sources */ = {isa = PBXBuildFile; fileRef = C5FB43211FC118430046CDCA /* react_native_umeng_share.swift */; };
		C5FB43AD1FC12F2D0046CDCA /* libSocialQQ.a in Frameworks */ = {isa = PBXBuildFile; fileRef = C5FB439F1FC12F2D0046CDCA /* libSocialQQ.a */; };
		C5FB43AE1FC12F2D0046CDCA /* libSocialWeChat.a in Frameworks */ = {isa = PBXBuildFile; fileRef = C5FB43A21FC12F2D0046CDCA /* libSocialWeChat.a */; };
		C5FB43AF1FC12F2D0046CDCA /* UMSocialCore.framework in Frameworks */ = {isa = PBXBuildFile; fileRef = C5FB43A51FC12F2D0046CDCA /* UMSocialCore.framework */; };
		C5FB43B01FC12F2D0046CDCA /* UMSocialNetwork.framework in Frameworks */ = {isa = PBXBuildFile; fileRef = C5FB43A61FC12F2D0046CDCA /* UMSocialNetwork.framework */; };
		C5FB43B11FC12F2D0046CDCA /* libUMSocialLog.a in Frameworks */ = {isa = PBXBuildFile; fileRef = C5FB43A91FC12F2D0046CDCA /* libUMSocialLog.a */; };
		C5FB43B21FC12F2D0046CDCA /* UShareUI.framework in Frameworks */ = {isa = PBXBuildFile; fileRef = C5FB43AC1FC12F2D0046CDCA /* UShareUI.framework */; };
		C5FB43EE1FC150A40046CDCA /* CoreGraphics.framework in Frameworks */ = {isa = PBXBuildFile; fileRef = C5FB43EC1FC1503A0046CDCA /* CoreGraphics.framework */; };
		C5FB43EF1FC150E70046CDCA /* libsqlite3.tbd in Frameworks */ = {isa = PBXBuildFile; fileRef = C5FB43EB1FC150190046CDCA /* libsqlite3.tbd */; };
/* End PBXBuildFile section */

/* Begin PBXCopyFilesBuildPhase section */
		C5FB43121FC116380046CDCA /* CopyFiles */ = {
			isa = PBXCopyFilesBuildPhase;
			buildActionMask = 2147483647;
			dstPath = "include/$(PRODUCT_NAME)";
			dstSubfolderSpec = 16;
			files = (
			);
			runOnlyForDeploymentPostprocessing = 0;
		};
/* End PBXCopyFilesBuildPhase section */

/* Begin PBXFileReference section */
		C5FB43141FC116380046CDCA /* libreact-native-umeng-share.a */ = {isa = PBXFileReference; explicitFileType = archive.ar; includeInIndex = 0; path = "libreact-native-umeng-share.a"; sourceTree = BUILT_PRODUCTS_DIR; };
		C5FB43181FC116380046CDCA /* react_native_umeng_share.m */ = {isa = PBXFileReference; lastKnownFileType = sourcecode.c.objc; path = react_native_umeng_share.m; sourceTree = "<group>"; };
		C5FB43201FC118430046CDCA /* react-native-umeng-share-Bridging-Header.h */ = {isa = PBXFileReference; lastKnownFileType = sourcecode.c.h; path = "react-native-umeng-share-Bridging-Header.h"; sourceTree = "<group>"; };
		C5FB43211FC118430046CDCA /* react_native_umeng_share.swift */ = {isa = PBXFileReference; lastKnownFileType = sourcecode.swift; path = react_native_umeng_share.swift; sourceTree = "<group>"; };
		C5FB439F1FC12F2D0046CDCA /* libSocialQQ.a */ = {isa = PBXFileReference; lastKnownFileType = archive.ar; path = libSocialQQ.a; sourceTree = "<group>"; };
		C5FB43A01FC12F2D0046CDCA /* UMSocialQQHandler.h */ = {isa = PBXFileReference; fileEncoding = 4; lastKnownFileType = sourcecode.c.h; path = UMSocialQQHandler.h; sourceTree = "<group>"; };
		C5FB43A21FC12F2D0046CDCA /* libSocialWeChat.a */ = {isa = PBXFileReference; lastKnownFileType = archive.ar; path = libSocialWeChat.a; sourceTree = "<group>"; };
		C5FB43A31FC12F2D0046CDCA /* UMSocialWechatHandler.h */ = {isa = PBXFileReference; fileEncoding = 4; lastKnownFileType = sourcecode.c.h; path = UMSocialWechatHandler.h; sourceTree = "<group>"; };
		C5FB43A51FC12F2D0046CDCA /* UMSocialCore.framework */ = {isa = PBXFileReference; lastKnownFileType = wrapper.framework; path = UMSocialCore.framework; sourceTree = "<group>"; };
		C5FB43A61FC12F2D0046CDCA /* UMSocialNetwork.framework */ = {isa = PBXFileReference; lastKnownFileType = wrapper.framework; path = UMSocialNetwork.framework; sourceTree = "<group>"; };
		C5FB43A71FC12F2D0046CDCA /* UMSocialSDKPromptResources.bundle */ = {isa = PBXFileReference; lastKnownFileType = "wrapper.plug-in"; path = UMSocialSDKPromptResources.bundle; sourceTree = "<group>"; };
		C5FB43A91FC12F2D0046CDCA /* libUMSocialLog.a */ = {isa = PBXFileReference; lastKnownFileType = archive.ar; path = libUMSocialLog.a; sourceTree = "<group>"; };
		C5FB43AB1FC12F2D0046CDCA /* UMSocialSDKResources.bundle */ = {isa = PBXFileReference; lastKnownFileType = "wrapper.plug-in"; path = UMSocialSDKResources.bundle; sourceTree = "<group>"; };
		C5FB43AC1FC12F2D0046CDCA /* UShareUI.framework */ = {isa = PBXFileReference; lastKnownFileType = wrapper.framework; path = UShareUI.framework; sourceTree = "<group>"; };
		C5FB43EB1FC150190046CDCA /* libsqlite3.tbd */ = {isa = PBXFileReference; lastKnownFileType = "sourcecode.text-based-dylib-definition"; name = libsqlite3.tbd; path = usr/lib/libsqlite3.tbd; sourceTree = SDKROOT; };
		C5FB43EC1FC1503A0046CDCA /* CoreGraphics.framework */ = {isa = PBXFileReference; lastKnownFileType = wrapper.framework; name = CoreGraphics.framework; path = System/Library/Frameworks/CoreGraphics.framework; sourceTree = SDKROOT; };
/* End PBXFileReference section */

/* Begin PBXFrameworksBuildPhase section */
		C5FB43111FC116380046CDCA /* Frameworks */ = {
			isa = PBXFrameworksBuildPhase;
			buildActionMask = 2147483647;
			files = (
				C5FB43EF1FC150E70046CDCA /* libsqlite3.tbd in Frameworks */,
				C5FB43EE1FC150A40046CDCA /* CoreGraphics.framework in Frameworks */,
				C5FB43B01FC12F2D0046CDCA /* UMSocialNetwork.framework in Frameworks */,
				C5FB43AE1FC12F2D0046CDCA /* libSocialWeChat.a in Frameworks */,
				C5FB43B21FC12F2D0046CDCA /* UShareUI.framework in Frameworks */,
				C5FB43AF1FC12F2D0046CDCA /* UMSocialCore.framework in Frameworks */,
				C5FB43AD1FC12F2D0046CDCA /* libSocialQQ.a in Frameworks */,
				C5FB43B11FC12F2D0046CDCA /* libUMSocialLog.a in Frameworks */,
			);
			runOnlyForDeploymentPostprocessing = 0;
		};
/* End PBXFrameworksBuildPhase section */

/* Begin PBXGroup section */
		C5FB430B1FC116380046CDCA = {
			isa = PBXGroup;
			children = (
				C5FB43161FC116380046CDCA /* react-native-umeng-share */,
				C5FB43151FC116380046CDCA /* Products */,
				C5FB43EA1FC150180046CDCA /* Frameworks */,
			);
			sourceTree = "<group>";
		};
		C5FB43151FC116380046CDCA /* Products */ = {
			isa = PBXGroup;
			children = (
				C5FB43141FC116380046CDCA /* libreact-native-umeng-share.a */,
			);
			name = Products;
			sourceTree = "<group>";
		};
		C5FB43161FC116380046CDCA /* react-native-umeng-share */ = {
			isa = PBXGroup;
			children = (
				C5FB439C1FC12F2D0046CDCA /* UMSocial */,
				C5FB43181FC116380046CDCA /* react_native_umeng_share.m */,
				C5FB43211FC118430046CDCA /* react_native_umeng_share.swift */,
				C5FB43201FC118430046CDCA /* react-native-umeng-share-Bridging-Header.h */,
			);
			path = "react-native-umeng-share";
			sourceTree = "<group>";
		};
		C5FB439C1FC12F2D0046CDCA /* UMSocial */ = {
			isa = PBXGroup;
			children = (
				C5FB439D1FC12F2D0046CDCA /* SocialLibraries */,
				C5FB43A41FC12F2D0046CDCA /* UMSocialSDK */,
				C5FB43A81FC12F2D0046CDCA /* UMSocialSDKPlugin */,
				C5FB43AA1FC12F2D0046CDCA /* UMSocialUI */,
			);
			path = UMSocial;
			sourceTree = "<group>";
		};
		C5FB439D1FC12F2D0046CDCA /* SocialLibraries */ = {
			isa = PBXGroup;
			children = (
				C5FB439E1FC12F2D0046CDCA /* QQ */,
				C5FB43A11FC12F2D0046CDCA /* WeChat */,
			);
			path = SocialLibraries;
			sourceTree = "<group>";
		};
		C5FB439E1FC12F2D0046CDCA /* QQ */ = {
			isa = PBXGroup;
			children = (
				C5FB439F1FC12F2D0046CDCA /* libSocialQQ.a */,
				C5FB43A01FC12F2D0046CDCA /* UMSocialQQHandler.h */,
			);
			path = QQ;
			sourceTree = "<group>";
		};
		C5FB43A11FC12F2D0046CDCA /* WeChat */ = {
			isa = PBXGroup;
			children = (
				C5FB43A21FC12F2D0046CDCA /* libSocialWeChat.a */,
				C5FB43A31FC12F2D0046CDCA /* UMSocialWechatHandler.h */,
			);
			path = WeChat;
			sourceTree = "<group>";
		};
		C5FB43A41FC12F2D0046CDCA /* UMSocialSDK */ = {
			isa = PBXGroup;
			children = (
				C5FB43A51FC12F2D0046CDCA /* UMSocialCore.framework */,
				C5FB43A61FC12F2D0046CDCA /* UMSocialNetwork.framework */,
				C5FB43A71FC12F2D0046CDCA /* UMSocialSDKPromptResources.bundle */,
			);
			path = UMSocialSDK;
			sourceTree = "<group>";
		};
		C5FB43A81FC12F2D0046CDCA /* UMSocialSDKPlugin */ = {
			isa = PBXGroup;
			children = (
				C5FB43A91FC12F2D0046CDCA /* libUMSocialLog.a */,
			);
			path = UMSocialSDKPlugin;
			sourceTree = "<group>";
		};
		C5FB43AA1FC12F2D0046CDCA /* UMSocialUI */ = {
			isa = PBXGroup;
			children = (
				C5FB43AB1FC12F2D0046CDCA /* UMSocialSDKResources.bundle */,
				C5FB43AC1FC12F2D0046CDCA /* UShareUI.framework */,
			);
			path = UMSocialUI;
			sourceTree = "<group>";
		};
		C5FB43EA1FC150180046CDCA /* Frameworks */ = {
			isa = PBXGroup;
			children = (
				C5FB43EC1FC1503A0046CDCA /* CoreGraphics.framework */,
				C5FB43EB1FC150190046CDCA /* libsqlite3.tbd */,
			);
			name = Frameworks;
			sourceTree = "<group>";
		};
/* End PBXGroup section */

/* Begin PBXNativeTarget section */
		C5FB43131FC116380046CDCA /* react-native-umeng-share */ = {
			isa = PBXNativeTarget;
			buildConfigurationList = C5FB431D1FC116380046CDCA /* Build configuration list for PBXNativeTarget "react-native-umeng-share" */;
			buildPhases = (
				C5FB43101FC116380046CDCA /* Sources */,
				C5FB43111FC116380046CDCA /* Frameworks */,
				C5FB43121FC116380046CDCA /* CopyFiles */,
			);
			buildRules = (
			);
			dependencies = (
			);
			name = "react-native-umeng-share";
			productName = "react-native-umeng-share";
			productReference = C5FB43141FC116380046CDCA /* libreact-native-umeng-share.a */;
			productType = "com.apple.product-type.library.static";
		};
/* End PBXNativeTarget section */

/* Begin PBXProject section */
		C5FB430C1FC116380046CDCA /* Project object */ = {
			isa = PBXProject;
			attributes = {
				LastUpgradeCheck = 0910;
				ORGANIZATIONNAME = puti;
				TargetAttributes = {
					C5FB43131FC116380046CDCA = {
						CreatedOnToolsVersion = 9.1;
						LastSwiftMigration = 0910;
						ProvisioningStyle = Automatic;
					};
				};
			};
			buildConfigurationList = C5FB430F1FC116380046CDCA /* Build configuration list for PBXProject "react-native-umeng-share" */;
			compatibilityVersion = "Xcode 8.0";
			developmentRegion = en;
			hasScannedForEncodings = 0;
			knownRegions = (
				en,
			);
			mainGroup = C5FB430B1FC116380046CDCA;
			productRefGroup = C5FB43151FC116380046CDCA /* Products */;
			projectDirPath = "";
			projectRoot = "";
			targets = (
				C5FB43131FC116380046CDCA /* react-native-umeng-share */,
			);
		};
/* End PBXProject section */

/* Begin PBXSourcesBuildPhase section */
		C5FB43101FC116380046CDCA /* Sources */ = {
			isa = PBXSourcesBuildPhase;
			buildActionMask = 2147483647;
			files = (
				C5FB43221FC118430046CDCA /* react_native_umeng_share.swift in Sources */,
				C5FB43191FC116380046CDCA /* react_native_umeng_share.m in Sources */,
			);
			runOnlyForDeploymentPostprocessing = 0;
		};
/* End PBXSourcesBuildPhase section */

/* Begin XCBuildConfiguration section */
		C5FB431B1FC116380046CDCA /* Debug */ = {
			isa = XCBuildConfiguration;
			buildSettings = {
				ALWAYS_SEARCH_USER_PATHS = NO;
				CLANG_ANALYZER_NONNULL = YES;
				CLANG_ANALYZER_NUMBER_OBJECT_CONVERSION = YES_AGGRESSIVE;
				CLANG_CXX_LANGUAGE_STANDARD = "gnu++14";
				CLANG_CXX_LIBRARY = "libc++";
				CLANG_ENABLE_MODULES = YES;
				CLANG_ENABLE_OBJC_ARC = YES;
				CLANG_WARN_BLOCK_CAPTURE_AUTORELEASING = YES;
				CLANG_WARN_BOOL_CONVERSION = YES;
				CLANG_WARN_COMMA = YES;
				CLANG_WARN_CONSTANT_CONVERSION = YES;
				CLANG_WARN_DIRECT_OBJC_ISA_USAGE = YES_ERROR;
				CLANG_WARN_DOCUMENTATION_COMMENTS = YES;
				CLANG_WARN_EMPTY_BODY = YES;
				CLANG_WARN_ENUM_CONVERSION = YES;
				CLANG_WARN_INFINITE_RECURSION = YES;
				CLANG_WARN_INT_CONVERSION = YES;
				CLANG_WARN_NON_LITERAL_NULL_CONVERSION = YES;
				CLANG_WARN_OBJC_LITERAL_CONVERSION = YES;
				CLANG_WARN_OBJC_ROOT_CLASS = YES_ERROR;
				CLANG_WARN_RANGE_LOOP_ANALYSIS = YES;
				CLANG_WARN_STRICT_PROTOTYPES = YES;
				CLANG_WARN_SUSPICIOUS_MOVE = YES;
				CLANG_WARN_UNGUARDED_AVAILABILITY = YES_AGGRESSIVE;
				CLANG_WARN_UNREACHABLE_CODE = YES;
				CLANG_WARN__DUPLICATE_METHOD_MATCH = YES;
				CODE_SIGN_IDENTITY = "iPhone Developer";
				COPY_PHASE_STRIP = NO;
				DEBUG_INFORMATION_FORMAT = dwarf;
				ENABLE_STRICT_OBJC_MSGSEND = YES;
				ENABLE_TESTABILITY = YES;
				GCC_C_LANGUAGE_STANDARD = gnu11;
				GCC_DYNAMIC_NO_PIC = NO;
				GCC_NO_COMMON_BLOCKS = YES;
				GCC_OPTIMIZATION_LEVEL = 0;
				GCC_PREPROCESSOR_DEFINITIONS = (
					"DEBUG=1",
					"$(inherited)",
				);
				GCC_WARN_64_TO_32_BIT_CONVERSION = YES;
				GCC_WARN_ABOUT_RETURN_TYPE = YES_ERROR;
				GCC_WARN_UNDECLARED_SELECTOR = YES;
				GCC_WARN_UNINITIALIZED_AUTOS = YES_AGGRESSIVE;
				GCC_WARN_UNUSED_FUNCTION = YES;
				GCC_WARN_UNUSED_VARIABLE = YES;
				IPHONEOS_DEPLOYMENT_TARGET = 8.0;
				MTL_ENABLE_DEBUG_INFO = YES;
				ONLY_ACTIVE_ARCH = YES;
				OTHER_LDFLAGS = "-ObjC";
				OTHER_LIBTOOLFLAGS = "";
				SDKROOT = iphoneos;
			};
			name = Debug;
		};
		C5FB431C1FC116380046CDCA /* Release */ = {
			isa = XCBuildConfiguration;
			buildSettings = {
				ALWAYS_SEARCH_USER_PATHS = NO;
				CLANG_ANALYZER_NONNULL = YES;
				CLANG_ANALYZER_NUMBER_OBJECT_CONVERSION = YES_AGGRESSIVE;
				CLANG_CXX_LANGUAGE_STANDARD = "gnu++14";
				CLANG_CXX_LIBRARY = "libc++";
				CLANG_ENABLE_MODULES = YES;
				CLANG_ENABLE_OBJC_ARC = YES;
				CLANG_WARN_BLOCK_CAPTURE_AUTORELEASING = YES;
				CLANG_WARN_BOOL_CONVERSION = YES;
				CLANG_WARN_COMMA = YES;
				CLANG_WARN_CONSTANT_CONVERSION = YES;
				CLANG_WARN_DIRECT_OBJC_ISA_USAGE = YES_ERROR;
				CLANG_WARN_DOCUMENTATION_COMMENTS = YES;
				CLANG_WARN_EMPTY_BODY = YES;
				CLANG_WARN_ENUM_CONVERSION = YES;
				CLANG_WARN_INFINITE_RECURSION = YES;
				CLANG_WARN_INT_CONVERSION = YES;
				CLANG_WARN_NON_LITERAL_NULL_CONVERSION = YES;
				CLANG_WARN_OBJC_LITERAL_CONVERSION = YES;
				CLANG_WARN_OBJC_ROOT_CLASS = YES_ERROR;
				CLANG_WARN_RANGE_LOOP_ANALYSIS = YES;
				CLANG_WARN_STRICT_PROTOTYPES = YES;
				CLANG_WARN_SUSPICIOUS_MOVE = YES;
				CLANG_WARN_UNGUARDED_AVAILABILITY = YES_AGGRESSIVE;
				CLANG_WARN_UNREACHABLE_CODE = YES;
				CLANG_WARN__DUPLICATE_METHOD_MATCH = YES;
				CODE_SIGN_IDENTITY = "iPhone Developer";
				COPY_PHASE_STRIP = NO;
				DEBUG_INFORMATION_FORMAT = "dwarf-with-dsym";
				ENABLE_NS_ASSERTIONS = NO;
				ENABLE_STRICT_OBJC_MSGSEND = YES;
				GCC_C_LANGUAGE_STANDARD = gnu11;
				GCC_NO_COMMON_BLOCKS = YES;
				GCC_WARN_64_TO_32_BIT_CONVERSION = YES;
				GCC_WARN_ABOUT_RETURN_TYPE = YES_ERROR;
				GCC_WARN_UNDECLARED_SELECTOR = YES;
				GCC_WARN_UNINITIALIZED_AUTOS = YES_AGGRESSIVE;
				GCC_WARN_UNUSED_FUNCTION = YES;
				GCC_WARN_UNUSED_VARIABLE = YES;
				IPHONEOS_DEPLOYMENT_TARGET = 8.0;
				MTL_ENABLE_DEBUG_INFO = NO;
				OTHER_LDFLAGS = "-ObjC";
				OTHER_LIBTOOLFLAGS = "";
				SDKROOT = iphoneos;
				VALIDATE_PRODUCT = YES;
			};
			name = Release;
		};
		C5FB431E1FC116380046CDCA /* Debug */ = {
			isa = XCBuildConfiguration;
			buildSettings = {
				CLANG_ENABLE_MODULES = YES;
				CODE_SIGN_STYLE = Automatic;
				DEVELOPMENT_TEAM = PLCFKHTB92;
				FRAMEWORK_SEARCH_PATHS = (
					"$(inherited)",
					"$(PROJECT_DIR)/react-native-umeng-share/UMSocial/UMSocialSDK",
					"$(PROJECT_DIR)/react-native-umeng-share/UMSocial/UMSocialUI",
				);
				LD_RUNPATH_SEARCH_PATHS = "$(inherited) @executable_path/Frameworks @loader_path/Frameworks";
				LIBRARY_SEARCH_PATHS = (
					"$(inherited)",
					"$(PROJECT_DIR)/react-native-umeng-share/UMSocial/SocialLibraries/QQ",
					"$(PROJECT_DIR)/react-native-umeng-share/UMSocial/SocialLibraries/WeChat",
					"$(PROJECT_DIR)/react-native-umeng-share/UMSocial/UMSocialSDKPlugin",
				);
				OTHER_LDFLAGS = "";
				PRODUCT_NAME = "$(TARGET_NAME)";
				SKIP_INSTALL = YES;
				SWIFT_OBJC_BRIDGING_HEADER = "react-native-umeng-share/react-native-umeng-share-Bridging-Header.h";
				SWIFT_OPTIMIZATION_LEVEL = "-Onone";
				SWIFT_VERSION = 3.0;
				TARGETED_DEVICE_FAMILY = "1,2";
			};
			name = Debug;
		};
		C5FB431F1FC116380046CDCA /* Release */ = {
			isa = XCBuildConfiguration;
			buildSettings = {
				CLANG_ENABLE_MODULES = YES;
				CODE_SIGN_STYLE = Automatic;
				DEVELOPMENT_TEAM = PLCFKHTB92;
				FRAMEWORK_SEARCH_PATHS = (
					"$(inherited)",
					"$(PROJECT_DIR)/react-native-umeng-share/UMSocial/UMSocialSDK",
					"$(PROJECT_DIR)/react-native-umeng-share/UMSocial/UMSocialUI",
				);
				LD_RUNPATH_SEARCH_PATHS = "$(inherited) @executable_path/Frameworks @loader_path/Frameworks";
				LIBRARY_SEARCH_PATHS = (
					"$(inherited)",
					"$(PROJECT_DIR)/react-native-umeng-share/UMSocial/SocialLibraries/QQ",
					"$(PROJECT_DIR)/react-native-umeng-share/UMSocial/SocialLibraries/WeChat",
					"$(PROJECT_DIR)/react-native-umeng-share/UMSocial/UMSocialSDKPlugin",
				);
				OTHER_LDFLAGS = "";
				PRODUCT_NAME = "$(TARGET_NAME)";
				SKIP_INSTALL = YES;
				SWIFT_OBJC_BRIDGING_HEADER = "react-native-umeng-share/react-native-umeng-share-Bridging-Header.h";
				SWIFT_VERSION = 3.0;
				TARGETED_DEVICE_FAMILY = "1,2";
			};
			name = Release;
		};
/* End XCBuildConfiguration section */

/* Begin XCConfigurationList section */
		C5FB430F1FC116380046CDCA /* Build configuration list for PBXProject "react-native-umeng-share" */ = {
			isa = XCConfigurationList;
			buildConfigurations = (
				C5FB431B1FC116380046CDCA /* Debug */,
				C5FB431C1FC116380046CDCA /* Release */,
			);
			defaultConfigurationIsVisible = 0;
			defaultConfigurationName = Release;
		};
		C5FB431D1FC116380046CDCA /* Build configuration list for PBXNativeTarget "react-native-umeng-share" */ = {
			isa = XCConfigurationList;
			buildConfigurations = (
				C5FB431E1FC116380046CDCA /* Debug */,
				C5FB431F1FC116380046CDCA /* Release */,
			);
			defaultConfigurationIsVisible = 0;
			defaultConfigurationName = Release;
		};
/* End XCConfigurationList section */
	};
	rootObject = C5FB430C1FC116380046CDCA /* Project object */;
}
