// !$*UTF8*$!
{
	archiveVersion = 1;
	classes = {
	};
	objectVersion = 48;
	objects = {

/* Begin PBXBuildFile section */
		C500B3A91FC7CC3B00FF835A /* RCTUMengShare.m in Sources */ = {isa = PBXBuildFile; fileRef = C500B3A81FC7CC3B00FF835A /* RCTUMengShare.m */; };
		C500B3AA1FC7CC3B00FF835A /* RCTUMengShare.h in CopyFiles */ = {isa = PBXBuildFile; fileRef = C500B3A71FC7CC3B00FF835A /* RCTUMengShare.h */; };
		C500B3F81FC7CF3000FF835A /* CoreGraphics.framework in Frameworks */ = {isa = PBXBuildFile; fileRef = C500B3F71FC7CF2A00FF835A /* CoreGraphics.framework */; };
		C500B4241FC7E72F00FF835A /* libsqlite3.dylib in Frameworks */ = {isa = PBXBuildFile; fileRef = C500B4231FC7E72F00FF835A /* libsqlite3.dylib */; };
		C500B44D1FC7E87800FF835A /* libSocialQQ.a in Frameworks */ = {isa = PBXBuildFile; fileRef = C500B43C1FC7E87800FF835A /* libSocialQQ.a */; };
		C500B44E1FC7E87800FF835A /* libSocialSina.a in Frameworks */ = {isa = PBXBuildFile; fileRef = C500B43F1FC7E87800FF835A /* libSocialSina.a */; };
		C500B44F1FC7E87800FF835A /* libSocialWeChat.a in Frameworks */ = {isa = PBXBuildFile; fileRef = C500B4421FC7E87800FF835A /* libSocialWeChat.a */; };
		C500B4501FC7E87800FF835A /* UMSocialCore.framework in Frameworks */ = {isa = PBXBuildFile; fileRef = C500B4451FC7E87800FF835A /* UMSocialCore.framework */; };
		C500B4511FC7E87800FF835A /* UMSocialNetwork.framework in Frameworks */ = {isa = PBXBuildFile; fileRef = C500B4461FC7E87800FF835A /* UMSocialNetwork.framework */; };
		C500B4521FC7E87800FF835A /* libUMSocialLog.a in Frameworks */ = {isa = PBXBuildFile; fileRef = C500B4491FC7E87800FF835A /* libUMSocialLog.a */; };
		C500B4531FC7E87800FF835A /* UShareUI.framework in Frameworks */ = {isa = PBXBuildFile; fileRef = C500B44C1FC7E87800FF835A /* UShareUI.framework */; };
/* End PBXBuildFile section */

/* Begin PBXCopyFilesBuildPhase section */
		C500B3A21FC7CC3B00FF835A /* CopyFiles */ = {
			isa = PBXCopyFilesBuildPhase;
			buildActionMask = 2147483647;
			dstPath = "include/$(PRODUCT_NAME)";
			dstSubfolderSpec = 16;
			files = (
				C500B3AA1FC7CC3B00FF835A /* RCTUMengShare.h in CopyFiles */,
			);
			runOnlyForDeploymentPostprocessing = 0;
		};
/* End PBXCopyFilesBuildPhase section */

/* Begin PBXFileReference section */
		C500B3A41FC7CC3B00FF835A /* libRCTUMengShare.a */ = {isa = PBXFileReference; explicitFileType = archive.ar; includeInIndex = 0; path = libRCTUMengShare.a; sourceTree = BUILT_PRODUCTS_DIR; };
		C500B3A71FC7CC3B00FF835A /* RCTUMengShare.h */ = {isa = PBXFileReference; lastKnownFileType = sourcecode.c.h; path = RCTUMengShare.h; sourceTree = "<group>"; };
		C500B3A81FC7CC3B00FF835A /* RCTUMengShare.m */ = {isa = PBXFileReference; lastKnownFileType = sourcecode.c.objc; path = RCTUMengShare.m; sourceTree = "<group>"; };
		C500B3F71FC7CF2A00FF835A /* CoreGraphics.framework */ = {isa = PBXFileReference; lastKnownFileType = wrapper.framework; name = CoreGraphics.framework; path = System/Library/Frameworks/CoreGraphics.framework; sourceTree = SDKROOT; };
		C500B4231FC7E72F00FF835A /* libsqlite3.dylib */ = {isa = PBXFileReference; lastKnownFileType = "compiled.mach-o.dylib"; name = libsqlite3.dylib; path = ../../../../../../../../../usr/lib/libsqlite3.dylib; sourceTree = "<group>"; };
		C500B43C1FC7E87800FF835A /* libSocialQQ.a */ = {isa = PBXFileReference; lastKnownFileType = archive.ar; path = libSocialQQ.a; sourceTree = "<group>"; };
		C500B43D1FC7E87800FF835A /* UMSocialQQHandler.h */ = {isa = PBXFileReference; fileEncoding = 4; lastKnownFileType = sourcecode.c.h; path = UMSocialQQHandler.h; sourceTree = "<group>"; };
		C500B43F1FC7E87800FF835A /* libSocialSina.a */ = {isa = PBXFileReference; lastKnownFileType = archive.ar; path = libSocialSina.a; sourceTree = "<group>"; };
		C500B4401FC7E87800FF835A /* UMSocialSinaHandler.h */ = {isa = PBXFileReference; fileEncoding = 4; lastKnownFileType = sourcecode.c.h; path = UMSocialSinaHandler.h; sourceTree = "<group>"; };
		C500B4421FC7E87800FF835A /* libSocialWeChat.a */ = {isa = PBXFileReference; lastKnownFileType = archive.ar; path = libSocialWeChat.a; sourceTree = "<group>"; };
		C500B4431FC7E87800FF835A /* UMSocialWechatHandler.h */ = {isa = PBXFileReference; fileEncoding = 4; lastKnownFileType = sourcecode.c.h; path = UMSocialWechatHandler.h; sourceTree = "<group>"; };
		C500B4451FC7E87800FF835A /* UMSocialCore.framework */ = {isa = PBXFileReference; lastKnownFileType = wrapper.framework; path = UMSocialCore.framework; sourceTree = "<group>"; };
		C500B4461FC7E87800FF835A /* UMSocialNetwork.framework */ = {isa = PBXFileReference; lastKnownFileType = wrapper.framework; path = UMSocialNetwork.framework; sourceTree = "<group>"; };
		C500B4471FC7E87800FF835A /* UMSocialSDKPromptResources.bundle */ = {isa = PBXFileReference; lastKnownFileType = "wrapper.plug-in"; path = UMSocialSDKPromptResources.bundle; sourceTree = "<group>"; };
		C500B4491FC7E87800FF835A /* libUMSocialLog.a */ = {isa = PBXFileReference; lastKnownFileType = archive.ar; path = libUMSocialLog.a; sourceTree = "<group>"; };
		C500B44B1FC7E87800FF835A /* UMSocialSDKResources.bundle */ = {isa = PBXFileReference; lastKnownFileType = "wrapper.plug-in"; path = UMSocialSDKResources.bundle; sourceTree = "<group>"; };
		C500B44C1FC7E87800FF835A /* UShareUI.framework */ = {isa = PBXFileReference; lastKnownFileType = wrapper.framework; path = UShareUI.framework; sourceTree = "<group>"; };
/* End PBXFileReference section */

/* Begin PBXFrameworksBuildPhase section */
		C500B3A11FC7CC3B00FF835A /* Frameworks */ = {
			isa = PBXFrameworksBuildPhase;
			buildActionMask = 2147483647;
			files = (
				C500B44D1FC7E87800FF835A /* libSocialQQ.a in Frameworks */,
				C500B44F1FC7E87800FF835A /* libSocialWeChat.a in Frameworks */,
				C500B4241FC7E72F00FF835A /* libsqlite3.dylib in Frameworks */,
				C500B3F81FC7CF3000FF835A /* CoreGraphics.framework in Frameworks */,
				C500B4501FC7E87800FF835A /* UMSocialCore.framework in Frameworks */,
				C500B4521FC7E87800FF835A /* libUMSocialLog.a in Frameworks */,
				C500B4511FC7E87800FF835A /* UMSocialNetwork.framework in Frameworks */,
				C500B44E1FC7E87800FF835A /* libSocialSina.a in Frameworks */,
				C500B4531FC7E87800FF835A /* UShareUI.framework in Frameworks */,
			);
			runOnlyForDeploymentPostprocessing = 0;
		};
/* End PBXFrameworksBuildPhase section */

/* Begin PBXGroup section */
		C500B39B1FC7CC3B00FF835A = {
			isa = PBXGroup;
			children = (
				C500B3A61FC7CC3B00FF835A /* RCTUMengShare */,
				C500B3A51FC7CC3B00FF835A /* Products */,
				C500B3F41FC7CF0700FF835A /* Frameworks */,
			);
			sourceTree = "<group>";
		};
		C500B3A51FC7CC3B00FF835A /* Products */ = {
			isa = PBXGroup;
			children = (
				C500B3A41FC7CC3B00FF835A /* libRCTUMengShare.a */,
			);
			name = Products;
			sourceTree = "<group>";
		};
		C500B3A61FC7CC3B00FF835A /* RCTUMengShare */ = {
			isa = PBXGroup;
			children = (
				C500B4391FC7E87800FF835A /* UMSocial */,
				C500B3A71FC7CC3B00FF835A /* RCTUMengShare.h */,
				C500B3A81FC7CC3B00FF835A /* RCTUMengShare.m */,
			);
			path = RCTUMengShare;
			sourceTree = "<group>";
		};
		C500B3F41FC7CF0700FF835A /* Frameworks */ = {
			isa = PBXGroup;
			children = (
				C500B4231FC7E72F00FF835A /* libsqlite3.dylib */,
				C500B3F71FC7CF2A00FF835A /* CoreGraphics.framework */,
			);
			name = Frameworks;
			sourceTree = "<group>";
		};
		C500B4391FC7E87800FF835A /* UMSocial */ = {
			isa = PBXGroup;
			children = (
				C500B43A1FC7E87800FF835A /* SocialLibraries */,
				C500B4441FC7E87800FF835A /* UMSocialSDK */,
				C500B4481FC7E87800FF835A /* UMSocialSDKPlugin */,
				C500B44A1FC7E87800FF835A /* UMSocialUI */,
			);
			path = UMSocial;
			sourceTree = "<group>";
		};
		C500B43A1FC7E87800FF835A /* SocialLibraries */ = {
			isa = PBXGroup;
			children = (
				C500B43B1FC7E87800FF835A /* QQ */,
				C500B43E1FC7E87800FF835A /* Sina */,
				C500B4411FC7E87800FF835A /* WeChat */,
			);
			path = SocialLibraries;
			sourceTree = "<group>";
		};
		C500B43B1FC7E87800FF835A /* QQ */ = {
			isa = PBXGroup;
			children = (
				C500B43C1FC7E87800FF835A /* libSocialQQ.a */,
				C500B43D1FC7E87800FF835A /* UMSocialQQHandler.h */,
			);
			path = QQ;
			sourceTree = "<group>";
		};
		C500B43E1FC7E87800FF835A /* Sina */ = {
			isa = PBXGroup;
			children = (
				C500B43F1FC7E87800FF835A /* libSocialSina.a */,
				C500B4401FC7E87800FF835A /* UMSocialSinaHandler.h */,
			);
			path = Sina;
			sourceTree = "<group>";
		};
		C500B4411FC7E87800FF835A /* WeChat */ = {
			isa = PBXGroup;
			children = (
				C500B4421FC7E87800FF835A /* libSocialWeChat.a */,
				C500B4431FC7E87800FF835A /* UMSocialWechatHandler.h */,
			);
			path = WeChat;
			sourceTree = "<group>";
		};
		C500B4441FC7E87800FF835A /* UMSocialSDK */ = {
			isa = PBXGroup;
			children = (
				C500B4451FC7E87800FF835A /* UMSocialCore.framework */,
				C500B4461FC7E87800FF835A /* UMSocialNetwork.framework */,
				C500B4471FC7E87800FF835A /* UMSocialSDKPromptResources.bundle */,
			);
			path = UMSocialSDK;
			sourceTree = "<group>";
		};
		C500B4481FC7E87800FF835A /* UMSocialSDKPlugin */ = {
			isa = PBXGroup;
			children = (
				C500B4491FC7E87800FF835A /* libUMSocialLog.a */,
			);
			path = UMSocialSDKPlugin;
			sourceTree = "<group>";
		};
		C500B44A1FC7E87800FF835A /* UMSocialUI */ = {
			isa = PBXGroup;
			children = (
				C500B44B1FC7E87800FF835A /* UMSocialSDKResources.bundle */,
				C500B44C1FC7E87800FF835A /* UShareUI.framework */,
			);
			path = UMSocialUI;
			sourceTree = "<group>";
		};
/* End PBXGroup section */

/* Begin PBXNativeTarget section */
		C500B3A31FC7CC3B00FF835A /* RCTUMengShare */ = {
			isa = PBXNativeTarget;
			buildConfigurationList = C500B3AD1FC7CC3B00FF835A /* Build configuration list for PBXNativeTarget "RCTUMengShare" */;
			buildPhases = (
				C500B3A01FC7CC3B00FF835A /* Sources */,
				C500B3A11FC7CC3B00FF835A /* Frameworks */,
				C500B3A21FC7CC3B00FF835A /* CopyFiles */,
			);
			buildRules = (
			);
			dependencies = (
			);
			name = RCTUMengShare;
			productName = RCTUMengShare;
			productReference = C500B3A41FC7CC3B00FF835A /* libRCTUMengShare.a */;
			productType = "com.apple.product-type.library.static";
		};
/* End PBXNativeTarget section */

/* Begin PBXProject section */
		C500B39C1FC7CC3B00FF835A /* Project object */ = {
			isa = PBXProject;
			attributes = {
				LastUpgradeCheck = 0910;
				ORGANIZATIONNAME = puti;
				TargetAttributes = {
					C500B3A31FC7CC3B00FF835A = {
						CreatedOnToolsVersion = 9.1;
						ProvisioningStyle = Automatic;
					};
				};
			};
			buildConfigurationList = C500B39F1FC7CC3B00FF835A /* Build configuration list for PBXProject "RCTUMengShare" */;
			compatibilityVersion = "Xcode 8.0";
			developmentRegion = en;
			hasScannedForEncodings = 0;
			knownRegions = (
				en,
			);
			mainGroup = C500B39B1FC7CC3B00FF835A;
			productRefGroup = C500B3A51FC7CC3B00FF835A /* Products */;
			projectDirPath = "";
			projectRoot = "";
			targets = (
				C500B3A31FC7CC3B00FF835A /* RCTUMengShare */,
			);
		};
/* End PBXProject section */

/* Begin PBXSourcesBuildPhase section */
		C500B3A01FC7CC3B00FF835A /* Sources */ = {
			isa = PBXSourcesBuildPhase;
			buildActionMask = 2147483647;
			files = (
				C500B3A91FC7CC3B00FF835A /* RCTUMengShare.m in Sources */,
			);
			runOnlyForDeploymentPostprocessing = 0;
		};
/* End PBXSourcesBuildPhase section */

/* Begin XCBuildConfiguration section */
		C500B3AB1FC7CC3B00FF835A /* Debug */ = {
			isa = XCBuildConfiguration;
			buildSettings = {
				ALWAYS_SEARCH_USER_PATHS = NO;
				CLANG_ANALYZER_NONNULL = YES;
				CLANG_ANALYZER_NUMBER_OBJECT_CONVERSION = YES_AGGRESSIVE;
				CLANG_CXX_LANGUAGE_STANDARD = "gnu++14";
				CLANG_CXX_LIBRARY = "libc++";
				CLANG_ENABLE_MODULES = YES;
				CLANG_ENABLE_OBJC_ARC = YES;
				CLANG_WARN_BLOCK_CAPTURE_AUTORELEASING = YES;
				CLANG_WARN_BOOL_CONVERSION = YES;
				CLANG_WARN_COMMA = YES;
				CLANG_WARN_CONSTANT_CONVERSION = YES;
				CLANG_WARN_DIRECT_OBJC_ISA_USAGE = YES_ERROR;
				CLANG_WARN_DOCUMENTATION_COMMENTS = YES;
				CLANG_WARN_EMPTY_BODY = YES;
				CLANG_WARN_ENUM_CONVERSION = YES;
				CLANG_WARN_INFINITE_RECURSION = YES;
				CLANG_WARN_INT_CONVERSION = YES;
				CLANG_WARN_NON_LITERAL_NULL_CONVERSION = YES;
				CLANG_WARN_OBJC_LITERAL_CONVERSION = YES;
				CLANG_WARN_OBJC_ROOT_CLASS = YES_ERROR;
				CLANG_WARN_RANGE_LOOP_ANALYSIS = YES;
				CLANG_WARN_STRICT_PROTOTYPES = YES;
				CLANG_WARN_SUSPICIOUS_MOVE = YES;
				CLANG_WARN_UNGUARDED_AVAILABILITY = YES_AGGRESSIVE;
				CLANG_WARN_UNREACHABLE_CODE = YES;
				CLANG_WARN__DUPLICATE_METHOD_MATCH = YES;
				CODE_SIGN_IDENTITY = "iPhone Developer";
				COPY_PHASE_STRIP = NO;
				DEBUG_INFORMATION_FORMAT = dwarf;
				ENABLE_STRICT_OBJC_MSGSEND = YES;
				ENABLE_TESTABILITY = YES;
				GCC_C_LANGUAGE_STANDARD = gnu11;
				GCC_DYNAMIC_NO_PIC = NO;
				GCC_NO_COMMON_BLOCKS = YES;
				GCC_OPTIMIZATION_LEVEL = 0;
				GCC_PREPROCESSOR_DEFINITIONS = (
					"DEBUG=1",
					"$(inherited)",
				);
				GCC_WARN_64_TO_32_BIT_CONVERSION = YES;
				GCC_WARN_ABOUT_RETURN_TYPE = YES_ERROR;
				GCC_WARN_UNDECLARED_SELECTOR = YES;
				GCC_WARN_UNINITIALIZED_AUTOS = YES_AGGRESSIVE;
				GCC_WARN_UNUSED_FUNCTION = YES;
				GCC_WARN_UNUSED_VARIABLE = YES;
				IPHONEOS_DEPLOYMENT_TARGET = 8.0;
				MTL_ENABLE_DEBUG_INFO = YES;
				ONLY_ACTIVE_ARCH = YES;
				SDKROOT = iphoneos;
			};
			name = Debug;
		};
		C500B3AC1FC7CC3B00FF835A /* Release */ = {
			isa = XCBuildConfiguration;
			buildSettings = {
				ALWAYS_SEARCH_USER_PATHS = NO;
				CLANG_ANALYZER_NONNULL = YES;
				CLANG_ANALYZER_NUMBER_OBJECT_CONVERSION = YES_AGGRESSIVE;
				CLANG_CXX_LANGUAGE_STANDARD = "gnu++14";
				CLANG_CXX_LIBRARY = "libc++";
				CLANG_ENABLE_MODULES = YES;
				CLANG_ENABLE_OBJC_ARC = YES;
				CLANG_WARN_BLOCK_CAPTURE_AUTORELEASING = YES;
				CLANG_WARN_BOOL_CONVERSION = YES;
				CLANG_WARN_COMMA = YES;
				CLANG_WARN_CONSTANT_CONVERSION = YES;
				CLANG_WARN_DIRECT_OBJC_ISA_USAGE = YES_ERROR;
				CLANG_WARN_DOCUMENTATION_COMMENTS = YES;
				CLANG_WARN_EMPTY_BODY = YES;
				CLANG_WARN_ENUM_CONVERSION = YES;
				CLANG_WARN_INFINITE_RECURSION = YES;
				CLANG_WARN_INT_CONVERSION = YES;
				CLANG_WARN_NON_LITERAL_NULL_CONVERSION = YES;
				CLANG_WARN_OBJC_LITERAL_CONVERSION = YES;
				CLANG_WARN_OBJC_ROOT_CLASS = YES_ERROR;
				CLANG_WARN_RANGE_LOOP_ANALYSIS = YES;
				CLANG_WARN_STRICT_PROTOTYPES = YES;
				CLANG_WARN_SUSPICIOUS_MOVE = YES;
				CLANG_WARN_UNGUARDED_AVAILABILITY = YES_AGGRESSIVE;
				CLANG_WARN_UNREACHABLE_CODE = YES;
				CLANG_WARN__DUPLICATE_METHOD_MATCH = YES;
				CODE_SIGN_IDENTITY = "iPhone Developer";
				COPY_PHASE_STRIP = NO;
				DEBUG_INFORMATION_FORMAT = "dwarf-with-dsym";
				ENABLE_NS_ASSERTIONS = NO;
				ENABLE_STRICT_OBJC_MSGSEND = YES;
				GCC_C_LANGUAGE_STANDARD = gnu11;
				GCC_NO_COMMON_BLOCKS = YES;
				GCC_WARN_64_TO_32_BIT_CONVERSION = YES;
				GCC_WARN_ABOUT_RETURN_TYPE = YES_ERROR;
				GCC_WARN_UNDECLARED_SELECTOR = YES;
				GCC_WARN_UNINITIALIZED_AUTOS = YES_AGGRESSIVE;
				GCC_WARN_UNUSED_FUNCTION = YES;
				GCC_WARN_UNUSED_VARIABLE = YES;
				IPHONEOS_DEPLOYMENT_TARGET = 8.0;
				MTL_ENABLE_DEBUG_INFO = NO;
				SDKROOT = iphoneos;
				VALIDATE_PRODUCT = YES;
			};
			name = Release;
		};
		C500B3AE1FC7CC3B00FF835A /* Debug */ = {
			isa = XCBuildConfiguration;
			buildSettings = {
				CODE_SIGN_STYLE = Automatic;
				DEVELOPMENT_TEAM = Y49FB37NS3;
				FRAMEWORK_SEARCH_PATHS = (
					"$(inherited)",
					"$(PROJECT_DIR)/RCTUMengShare/UMSocial/UMSocialSDK",
					"$(PROJECT_DIR)/RCTUMengShare/UMSocial/UMSocialUI",
				);
				HEADER_SEARCH_PATHS = "$(SRCROOT)/../../react-native/React/**";
				LIBRARY_SEARCH_PATHS = (
					"$(inherited)",
					"$(PROJECT_DIR)/RCTUMengShare/UMSocial/SocialLibraries/QQ",
					"$(PROJECT_DIR)/RCTUMengShare/UMSocial/SocialLibraries/Sina",
					"$(PROJECT_DIR)/RCTUMengShare/UMSocial/SocialLibraries/WeChat",
					"$(PROJECT_DIR)/RCTUMengShare/UMSocial/UMSocialSDKPlugin",
				);
				OTHER_LDFLAGS = "-ObjC";
				PRODUCT_NAME = "$(TARGET_NAME)";
				SKIP_INSTALL = YES;
				TARGETED_DEVICE_FAMILY = "1,2";
			};
			name = Debug;
		};
		C500B3AF1FC7CC3B00FF835A /* Release */ = {
			isa = XCBuildConfiguration;
			buildSettings = {
				CODE_SIGN_STYLE = Automatic;
				DEVELOPMENT_TEAM = Y49FB37NS3;
				FRAMEWORK_SEARCH_PATHS = (
					"$(inherited)",
					"$(PROJECT_DIR)/RCTUMengShare/UMSocial/UMSocialSDK",
					"$(PROJECT_DIR)/RCTUMengShare/UMSocial/UMSocialUI",
				);
				HEADER_SEARCH_PATHS = "$(SRCROOT)/../../react-native/React/**";
				LIBRARY_SEARCH_PATHS = (
					"$(inherited)",
					"$(PROJECT_DIR)/RCTUMengShare/UMSocial/SocialLibraries/QQ",
					"$(PROJECT_DIR)/RCTUMengShare/UMSocial/SocialLibraries/Sina",
					"$(PROJECT_DIR)/RCTUMengShare/UMSocial/SocialLibraries/WeChat",
					"$(PROJECT_DIR)/RCTUMengShare/UMSocial/UMSocialSDKPlugin",
				);
				OTHER_LDFLAGS = "-ObjC";
				PRODUCT_NAME = "$(TARGET_NAME)";
				SKIP_INSTALL = YES;
				TARGETED_DEVICE_FAMILY = "1,2";
			};
			name = Release;
		};
/* End XCBuildConfiguration section */

/* Begin XCConfigurationList section */
		C500B39F1FC7CC3B00FF835A /* Build configuration list for PBXProject "RCTUMengShare" */ = {
			isa = XCConfigurationList;
			buildConfigurations = (
				C500B3AB1FC7CC3B00FF835A /* Debug */,
				C500B3AC1FC7CC3B00FF835A /* Release */,
			);
			defaultConfigurationIsVisible = 0;
			defaultConfigurationName = Release;
		};
		C500B3AD1FC7CC3B00FF835A /* Build configuration list for PBXNativeTarget "RCTUMengShare" */ = {
			isa = XCConfigurationList;
			buildConfigurations = (
				C500B3AE1FC7CC3B00FF835A /* Debug */,
				C500B3AF1FC7CC3B00FF835A /* Release */,
			);
			defaultConfigurationIsVisible = 0;
			defaultConfigurationName = Release;
		};
/* End XCConfigurationList section */
	};
	rootObject = C500B39C1FC7CC3B00FF835A /* Project object */;
}
